// !$*UTF8*$!
{
	archiveVersion = 1;
	classes = {
	};
	objectVersion = 77;
	objects = {

/* Begin PBXContainerItemProxy section */
		FF93F5E72E89B509002D4E80 /* PBXContainerItemProxy */ = {
			isa = PBXContainerItemProxy;
			containerPortal = FF93F5C82E89B508002D4E80 /* Project object */;
			proxyType = 1;
			remoteGlobalIDString = FF93F5CF2E89B508002D4E80;
			remoteInfo = CryptoRxSwift;
		};
		FF93F5F12E89B509002D4E80 /* PBXContainerItemProxy */ = {
			isa = PBXContainerItemProxy;
			containerPortal = FF93F5C82E89B508002D4E80 /* Project object */;
			proxyType = 1;
			remoteGlobalIDString = FF93F5CF2E89B508002D4E80;
			remoteInfo = CryptoRxSwift;
		};
/* End PBXContainerItemProxy section */

/* Begin PBXFileReference section */
		FF93F5D02E89B508002D4E80 /* CryptoRxSwift.app */ = {isa = PBXFileReference; explicitFileType = wrapper.application; includeInIndex = 0; path = CryptoRxSwift.app; sourceTree = BUILT_PRODUCTS_DIR; };
		FF93F5E62E89B509002D4E80 /* CryptoRxSwiftTests.xctest */ = {isa = PBXFileReference; explicitFileType = wrapper.cfbundle; includeInIndex = 0; path = CryptoRxSwiftTests.xctest; sourceTree = BUILT_PRODUCTS_DIR; };
		FF93F5F02E89B509002D4E80 /* CryptoRxSwiftUITests.xctest */ = {isa = PBXFileReference; explicitFileType = wrapper.cfbundle; includeInIndex = 0; path = CryptoRxSwiftUITests.xctest; sourceTree = BUILT_PRODUCTS_DIR; };
/* End PBXFileReference section */

/* Begin PBXFileSystemSynchronizedBuildFileExceptionSet section */
		FF93F5F82E89B509002D4E80 /* Exceptions for "CryptoRxSwift" folder in "CryptoRxSwift" target */ = {
			isa = PBXFileSystemSynchronizedBuildFileExceptionSet;
			membershipExceptions = (
				Info.plist,
			);
			target = FF93F5CF2E89B508002D4E80 /* CryptoRxSwift */;
		};
/* End PBXFileSystemSynchronizedBuildFileExceptionSet section */

/* Begin PBXFileSystemSynchronizedRootGroup section */
		FF93F5D22E89B508002D4E80 /* CryptoRxSwift */ = {
			isa = PBXFileSystemSynchronizedRootGroup;
			exceptions = (
				FF93F5F82E89B509002D4E80 /* Exceptions for "CryptoRxSwift" folder in "CryptoRxSwift" target */,
			);
			path = CryptoRxSwift;
			sourceTree = "<group>";
		};
		FF93F5E92E89B509002D4E80 /* CryptoRxSwiftTests */ = {
			isa = PBXFileSystemSynchronizedRootGroup;
			path = CryptoRxSwiftTests;
			sourceTree = "<group>";
		};
		FF93F5F32E89B509002D4E80 /* CryptoRxSwiftUITests */ = {
			isa = PBXFileSystemSynchronizedRootGroup;
			path = CryptoRxSwiftUITests;
			sourceTree = "<group>";
		};
/* End PBXFileSystemSynchronizedRootGroup section */

/* Begin PBXFrameworksBuildPhase section */
		FF93F5CD2E89B508002D4E80 /* Frameworks */ = {
			isa = PBXFrameworksBuildPhase;
			buildActionMask = 2147483647;
			files = (
			);
			runOnlyForDeploymentPostprocessing = 0;
		};
		FF93F5E32E89B509002D4E80 /* Frameworks */ = {
			isa = PBXFrameworksBuildPhase;
			buildActionMask = 2147483647;
			files = (
			);
			runOnlyForDeploymentPostprocessing = 0;
		};
		FF93F5ED2E89B509002D4E80 /* Frameworks */ = {
			isa = PBXFrameworksBuildPhase;
			buildActionMask = 2147483647;
			files = (
			);
			runOnlyForDeploymentPostprocessing = 0;
		};
/* End PBXFrameworksBuildPhase section */

/* Begin PBXGroup section */
		FF93F5C72E89B508002D4E80 = {
			isa = PBXGroup;
			children = (
				FF93F5D22E89B508002D4E80 /* CryptoRxSwift */,
				FF93F5E92E89B509002D4E80 /* CryptoRxSwiftTests */,
				FF93F5F32E89B509002D4E80 /* CryptoRxSwiftUITests */,
				FF93F5D12E89B508002D4E80 /* Products */,
			);
			sourceTree = "<group>";
		};
		FF93F5D12E89B508002D4E80 /* Products */ = {
			isa = PBXGroup;
			children = (
				FF93F5D02E89B508002D4E80 /* CryptoRxSwift.app */,
				FF93F5E62E89B509002D4E80 /* CryptoRxSwiftTests.xctest */,
				FF93F5F02E89B509002D4E80 /* CryptoRxSwiftUITests.xctest */,
			);
			name = Products;
			sourceTree = "<group>";
		};
/* End PBXGroup section */

/* Begin PBXNativeTarget section */
		FF93F5CF2E89B508002D4E80 /* CryptoRxSwift */ = {
			isa = PBXNativeTarget;
			buildConfigurationList = FF93F5F92E89B509002D4E80 /* Build configuration list for PBXNativeTarget "CryptoRxSwift" */;
			buildPhases = (
				FF93F5CC2E89B508002D4E80 /* Sources */,
				FF93F5CD2E89B508002D4E80 /* Frameworks */,
				FF93F5CE2E89B508002D4E80 /* Resources */,
			);
			buildRules = (
			);
			dependencies = (
			);
			fileSystemSynchronizedGroups = (
				FF93F5D22E89B508002D4E80 /* CryptoRxSwift */,
			);
			name = CryptoRxSwift;
			packageProductDependencies = (
			);
			productName = CryptoRxSwift;
			productReference = FF93F5D02E89B508002D4E80 /* CryptoRxSwift.app */;
			productType = "com.apple.product-type.application";
		};
		FF93F5E52E89B509002D4E80 /* CryptoRxSwiftTests */ = {
			isa = PBXNativeTarget;
			buildConfigurationList = FF93F5FE2E89B509002D4E80 /* Build configuration list for PBXNativeTarget "CryptoRxSwiftTests" */;
			buildPhases = (
				FF93F5E22E89B509002D4E80 /* Sources */,
				FF93F5E32E89B509002D4E80 /* Frameworks */,
				FF93F5E42E89B509002D4E80 /* Resources */,
			);
			buildRules = (
			);
			dependencies = (
				FF93F5E82E89B509002D4E80 /* PBXTargetDependency */,
			);
			fileSystemSynchronizedGroups = (
				FF93F5E92E89B509002D4E80 /* CryptoRxSwiftTests */,
			);
			name = CryptoRxSwiftTests;
			packageProductDependencies = (
			);
			productName = CryptoRxSwiftTests;
			productReference = FF93F5E62E89B509002D4E80 /* CryptoRxSwiftTests.xctest */;
			productType = "com.apple.product-type.bundle.unit-test";
		};
		FF93F5EF2E89B509002D4E80 /* CryptoRxSwiftUITests */ = {
			isa = PBXNativeTarget;
			buildConfigurationList = FF93F6012E89B509002D4E80 /* Build configuration list for PBXNativeTarget "CryptoRxSwiftUITests" */;
			buildPhases = (
				FF93F5EC2E89B509002D4E80 /* Sources */,
				FF93F5ED2E89B509002D4E80 /* Frameworks */,
				FF93F5EE2E89B509002D4E80 /* Resources */,
			);
			buildRules = (
			);
			dependencies = (
				FF93F5F22E89B509002D4E80 /* PBXTargetDependency */,
			);
			fileSystemSynchronizedGroups = (
				FF93F5F32E89B509002D4E80 /* CryptoRxSwiftUITests */,
			);
			name = CryptoRxSwiftUITests;
			packageProductDependencies = (
			);
			productName = CryptoRxSwiftUITests;
			productReference = FF93F5F02E89B509002D4E80 /* CryptoRxSwiftUITests.xctest */;
			productType = "com.apple.product-type.bundle.ui-testing";
		};
/* End PBXNativeTarget section */

/* Begin PBXProject section */
		FF93F5C82E89B508002D4E80 /* Project object */ = {
			isa = PBXProject;
			attributes = {
				BuildIndependentTargetsInParallel = 1;
				LastSwiftUpdateCheck = 1640;
				LastUpgradeCheck = 1640;
				TargetAttributes = {
					FF93F5CF2E89B508002D4E80 = {
						CreatedOnToolsVersion = 16.4;
					};
					FF93F5E52E89B509002D4E80 = {
						CreatedOnToolsVersion = 16.4;
						TestTargetID = FF93F5CF2E89B508002D4E80;
					};
					FF93F5EF2E89B509002D4E80 = {
						CreatedOnToolsVersion = 16.4;
						TestTargetID = FF93F5CF2E89B508002D4E80;
					};
				};
			};
			buildConfigurationList = FF93F5CB2E89B508002D4E80 /* Build configuration list for PBXProject "CryptoRxSwift" */;
			developmentRegion = en;
			hasScannedForEncodings = 0;
			knownRegions = (
				en,
				Base,
			);
			mainGroup = FF93F5C72E89B508002D4E80;
			minimizedProjectReferenceProxies = 1;
			packageReferences = (
				FFF001D22E8F2B0D009C32AA /* XCRemoteSwiftPackageReference "RxSwift" */,
			);
			preferredProjectObjectVersion = 77;
			productRefGroup = FF93F5D12E89B508002D4E80 /* Products */;
			projectDirPath = "";
			projectRoot = "";
			targets = (
				FF93F5CF2E89B508002D4E80 /* CryptoRxSwift */,
				FF93F5E52E89B509002D4E80 /* CryptoRxSwiftTests */,
				FF93F5EF2E89B509002D4E80 /* CryptoRxSwiftUITests */,
			);
		};
/* End PBXProject section */

/* Begin PBXResourcesBuildPhase section */
		FF93F5CE2E89B508002D4E80 /* Resources */ = {
			isa = PBXResourcesBuildPhase;
			buildActionMask = 2147483647;
			files = (
			);
			runOnlyForDeploymentPostprocessing = 0;
		};
		FF93F5E42E89B509002D4E80 /* Resources */ = {
			isa = PBXResourcesBuildPhase;
			buildActionMask = 2147483647;
			files = (
			);
			runOnlyForDeploymentPostprocessing = 0;
		};
		FF93F5EE2E89B509002D4E80 /* Resources */ = {
			isa = PBXResourcesBuildPhase;
			buildActionMask = 2147483647;
			files = (
			);
			runOnlyForDeploymentPostprocessing = 0;
		};
/* End PBXResourcesBuildPhase section */

/* Begin PBXSourcesBuildPhase section */
		FF93F5CC2E89B508002D4E80 /* Sources */ = {
			isa = PBXSourcesBuildPhase;
			buildActionMask = 2147483647;
			files = (
			);
			runOnlyForDeploymentPostprocessing = 0;
		};
		FF93F5E22E89B509002D4E80 /* Sources */ = {
			isa = PBXSourcesBuildPhase;
			buildActionMask = 2147483647;
			files = (
			);
			runOnlyForDeploymentPostprocessing = 0;
		};
		FF93F5EC2E89B509002D4E80 /* Sources */ = {
			isa = PBXSourcesBuildPhase;
			buildActionMask = 2147483647;
			files = (
			);
			runOnlyForDeploymentPostprocessing = 0;
		};
/* End PBXSourcesBuildPhase section */

/* Begin PBXTargetDependency section */
		FF93F5E82E89B509002D4E80 /* PBXTargetDependency */ = {
			isa = PBXTargetDependency;
			target = FF93F5CF2E89B508002D4E80 /* CryptoRxSwift */;
			targetProxy = FF93F5E72E89B509002D4E80 /* PBXContainerItemProxy */;
		};
		FF93F5F22E89B509002D4E80 /* PBXTargetDependency */ = {
			isa = PBXTargetDependency;
			target = FF93F5CF2E89B508002D4E80 /* CryptoRxSwift */;
			targetProxy = FF93F5F12E89B509002D4E80 /* PBXContainerItemProxy */;
		};
/* End PBXTargetDependency section */

/* Begin XCBuildConfiguration section */
		FF93F5FA2E89B509002D4E80 /* Debug */ = {
			isa = XCBuildConfiguration;
			buildSettings = {
				ASSETCATALOG_COMPILER_APPICON_NAME = AppIcon;
				ASSETCATALOG_COMPILER_GLOBAL_ACCENT_COLOR_NAME = AccentColor;
				CODE_SIGN_STYLE = Automatic;
				CURRENT_PROJECT_VERSION = 1;
				DEVELOPMENT_TEAM = T985K3P4V7;
				GENERATE_INFOPLIST_FILE = YES;
				INFOPLIST_FILE = CryptoRxSwift/Info.plist;
				INFOPLIST_KEY_UIApplicationSupportsIndirectInputEvents = YES;
				INFOPLIST_KEY_UILaunchStoryboardName = LaunchScreen;
				INFOPLIST_KEY_UIMainStoryboardFile = Main;
				INFOPLIST_KEY_UISupportedInterfaceOrientations_iPad = "UIInterfaceOrientationPortrait UIInterfaceOrientationPortraitUpsideDown UIInterfaceOrientationLandscapeLeft UIInterfaceOrientationLandscapeRight";
				INFOPLIST_KEY_UISupportedInterfaceOrientations_iPhone = "UIInterfaceOrientationPortrait UIInterfaceOrientationLandscapeLeft UIInterfaceOrientationLandscapeRight";
				LD_RUNPATH_SEARCH_PATHS = (
					"$(inherited)",
					"@executable_path/Frameworks",
				);
				MARKETING_VERSION = 1.0;
				PRODUCT_BUNDLE_IDENTIFIER = com.omerapaydin.CryptoRxSwift;
				PRODUCT_NAME = "$(TARGET_NAME)";
				SWIFT_EMIT_LOC_STRINGS = YES;
				SWIFT_VERSION = 5.0;
				TARGETED_DEVICE_FAMILY = "1,2";
			};
			name = Debug;
		};
		FF93F5FB2E89B509002D4E80 /* Release */ = {
			isa = XCBuildConfiguration;
			buildSettings = {
				ASSETCATALOG_COMPILER_APPICON_NAME = AppIcon;
				ASSETCATALOG_COMPILER_GLOBAL_ACCENT_COLOR_NAME = AccentColor;
				CODE_SIGN_STYLE = Automatic;
				CURRENT_PROJECT_VERSION = 1;
				DEVELOPMENT_TEAM = T985K3P4V7;
				GENERATE_INFOPLIST_FILE = YES;
				INFOPLIST_FILE = CryptoRxSwift/Info.plist;
				INFOPLIST_KEY_UIApplicationSupportsIndirectInputEvents = YES;
				INFOPLIST_KEY_UILaunchStoryboardName = LaunchScreen;
				INFOPLIST_KEY_UIMainStoryboardFile = Main;
				INFOPLIST_KEY_UISupportedInterfaceOrientations_iPad = "UIInterfaceOrientationPortrait UIInterfaceOrientationPortraitUpsideDown UIInterfaceOrientationLandscapeLeft UIInterfaceOrientationLandscapeRight";
				INFOPLIST_KEY_UISupportedInterfaceOrientations_iPhone = "UIInterfaceOrientationPortrait UIInterfaceOrientationLandscapeLeft UIInterfaceOrientationLandscapeRight";
				LD_RUNPATH_SEARCH_PATHS = (
					"$(inherited)",
					"@executable_path/Frameworks",
				);
				MARKETING_VERSION = 1.0;
				PRODUCT_BUNDLE_IDENTIFIER = com.omerapaydin.CryptoRxSwift;
				PRODUCT_NAME = "$(TARGET_NAME)";
				SWIFT_EMIT_LOC_STRINGS = YES;
				SWIFT_VERSION = 5.0;
				TARGETED_DEVICE_FAMILY = "1,2";
			};
			name = Release;
		};
		FF93F5FC2E89B509002D4E80 /* Debug */ = {
			isa = XCBuildConfiguration;
			buildSettings = {
				ALWAYS_SEARCH_USER_PATHS = NO;
				ASSETCATALOG_COMPILER_GENERATE_SWIFT_ASSET_SYMBOL_EXTENSIONS = YES;
				CLANG_ANALYZER_NONNULL = YES;
				CLANG_ANALYZER_NUMBER_OBJECT_CONVERSION = YES_AGGRESSIVE;
				CLANG_CXX_LANGUAGE_STANDARD = "gnu++20";
				CLANG_ENABLE_MODULES = YES;
				CLANG_ENABLE_OBJC_ARC = YES;
				CLANG_ENABLE_OBJC_WEAK = YES;
				CLANG_WARN_BLOCK_CAPTURE_AUTORELEASING = YES;
				CLANG_WARN_BOOL_CONVERSION = YES;
				CLANG_WARN_COMMA = YES;
				CLANG_WARN_CONSTANT_CONVERSION = YES;
				CLANG_WARN_DEPRECATED_OBJC_IMPLEMENTATIONS = YES;
				CLANG_WARN_DIRECT_OBJC_ISA_USAGE = YES_ERROR;
				CLANG_WARN_DOCUMENTATION_COMMENTS = YES;
				CLANG_WARN_EMPTY_BODY = YES;
				CLANG_WARN_ENUM_CONVERSION = YES;
				CLANG_WARN_INFINITE_RECURSION = YES;
				CLANG_WARN_INT_CONVERSION = YES;
				CLANG_WARN_NON_LITERAL_NULL_CONVERSION = YES;
				CLANG_WARN_OBJC_IMPLICIT_RETAIN_SELF = YES;
				CLANG_WARN_OBJC_LITERAL_CONVERSION = YES;
				CLANG_WARN_OBJC_ROOT_CLASS = YES_ERROR;
				CLANG_WARN_QUOTED_INCLUDE_IN_FRAMEWORK_HEADER = YES;
				CLANG_WARN_RANGE_LOOP_ANALYSIS = YES;
				CLANG_WARN_STRICT_PROTOTYPES = YES;
				CLANG_WARN_SUSPICIOUS_MOVE = YES;
				CLANG_WARN_UNGUARDED_AVAILABILITY = YES_AGGRESSIVE;
				CLANG_WARN_UNREACHABLE_CODE = YES;
				CLANG_WARN__DUPLICATE_METHOD_MATCH = YES;
				COPY_PHASE_STRIP = NO;
				DEBUG_INFORMATION_FORMAT = dwarf;
				DEVELOPMENT_TEAM = T985K3P4V7;
				ENABLE_STRICT_OBJC_MSGSEND = YES;
				ENABLE_TESTABILITY = YES;
				ENABLE_USER_SCRIPT_SANDBOXING = YES;
				GCC_C_LANGUAGE_STANDARD = gnu17;
				GCC_DYNAMIC_NO_PIC = NO;
				GCC_NO_COMMON_BLOCKS = YES;
				GCC_OPTIMIZATION_LEVEL = 0;
				GCC_PREPROCESSOR_DEFINITIONS = (
					"DEBUG=1",
					"$(inherited)",
				);
				GCC_WARN_64_TO_32_BIT_CONVERSION = YES;
				GCC_WARN_ABOUT_RETURN_TYPE = YES_ERROR;
				GCC_WARN_UNDECLARED_SELECTOR = YES;
				GCC_WARN_UNINITIALIZED_AUTOS = YES_AGGRESSIVE;
				GCC_WARN_UNUSED_FUNCTION = YES;
				GCC_WARN_UNUSED_VARIABLE = YES;
				IPHONEOS_DEPLOYMENT_TARGET = 18.5;
				LOCALIZATION_PREFERS_STRING_CATALOGS = YES;
				MTL_ENABLE_DEBUG_INFO = INCLUDE_SOURCE;
				MTL_FAST_MATH = YES;
				ONLY_ACTIVE_ARCH = YES;
				SDKROOT = iphoneos;
				SWIFT_ACTIVE_COMPILATION_CONDITIONS = "DEBUG $(inherited)";
				SWIFT_OPTIMIZATION_LEVEL = "-Onone";
			};
			name = Debug;
		};
		FF93F5FD2E89B509002D4E80 /* Release */ = {
			isa = XCBuildConfiguration;
			buildSettings = {
				ALWAYS_SEARCH_USER_PATHS = NO;
				ASSETCATALOG_COMPILER_GENERATE_SWIFT_ASSET_SYMBOL_EXTENSIONS = YES;
				CLANG_ANALYZER_NONNULL = YES;
				CLANG_ANALYZER_NUMBER_OBJECT_CONVERSION = YES_AGGRESSIVE;
				CLANG_CXX_LANGUAGE_STANDARD = "gnu++20";
				CLANG_ENABLE_MODULES = YES;
				CLANG_ENABLE_OBJC_ARC = YES;
				CLANG_ENABLE_OBJC_WEAK = YES;
				CLANG_WARN_BLOCK_CAPTURE_AUTORELEASING = YES;
				CLANG_WARN_BOOL_CONVERSION = YES;
				CLANG_WARN_COMMA = YES;
				CLANG_WARN_CONSTANT_CONVERSION = YES;
				CLANG_WARN_DEPRECATED_OBJC_IMPLEMENTATIONS = YES;
				CLANG_WARN_DIRECT_OBJC_ISA_USAGE = YES_ERROR;
				CLANG_WARN_DOCUMENTATION_COMMENTS = YES;
				CLANG_WARN_EMPTY_BODY = YES;
				CLANG_WARN_ENUM_CONVERSION = YES;
				CLANG_WARN_INFINITE_RECURSION = YES;
				CLANG_WARN_INT_CONVERSION = YES;
				CLANG_WARN_NON_LITERAL_NULL_CONVERSION = YES;
				CLANG_WARN_OBJC_IMPLICIT_RETAIN_SELF = YES;
				CLANG_WARN_OBJC_LITERAL_CONVERSION = YES;
				CLANG_WARN_OBJC_ROOT_CLASS = YES_ERROR;
				CLANG_WARN_QUOTED_INCLUDE_IN_FRAMEWORK_HEADER = YES;
				CLANG_WARN_RANGE_LOOP_ANALYSIS = YES;
				CLANG_WARN_STRICT_PROTOTYPES = YES;
				CLANG_WARN_SUSPICIOUS_MOVE = YES;
				CLANG_WARN_UNGUARDED_AVAILABILITY = YES_AGGRESSIVE;
				CLANG_WARN_UNREACHABLE_CODE = YES;
				CLANG_WARN__DUPLICATE_METHOD_MATCH = YES;
				COPY_PHASE_STRIP = NO;
				DEBUG_INFORMATION_FORMAT = "dwarf-with-dsym";
				DEVELOPMENT_TEAM = T985K3P4V7;
				ENABLE_NS_ASSERTIONS = NO;
				ENABLE_STRICT_OBJC_MSGSEND = YES;
				ENABLE_USER_SCRIPT_SANDBOXING = YES;
				GCC_C_LANGUAGE_STANDARD = gnu17;
				GCC_NO_COMMON_BLOCKS = YES;
				GCC_WARN_64_TO_32_BIT_CONVERSION = YES;
				GCC_WARN_ABOUT_RETURN_TYPE = YES_ERROR;
				GCC_WARN_UNDECLARED_SELECTOR = YES;
				GCC_WARN_UNINITIALIZED_AUTOS = YES_AGGRESSIVE;
				GCC_WARN_UNUSED_FUNCTION = YES;
				GCC_WARN_UNUSED_VARIABLE = YES;
				IPHONEOS_DEPLOYMENT_TARGET = 18.5;
				LOCALIZATION_PREFERS_STRING_CATALOGS = YES;
				MTL_ENABLE_DEBUG_INFO = NO;
				MTL_FAST_MATH = YES;
				SDKROOT = iphoneos;
				SWIFT_COMPILATION_MODE = wholemodule;
				VALIDATE_PRODUCT = YES;
			};
			name = Release;
		};
		FF93F5FF2E89B509002D4E80 /* Debug */ = {
			isa = XCBuildConfiguration;
			buildSettings = {
				BUNDLE_LOADER = "$(TEST_HOST)";
				CODE_SIGN_STYLE = Automatic;
				CURRENT_PROJECT_VERSION = 1;
				DEVELOPMENT_TEAM = T985K3P4V7;
				GENERATE_INFOPLIST_FILE = YES;
				IPHONEOS_DEPLOYMENT_TARGET = 18.5;
				MARKETING_VERSION = 1.0;
				PRODUCT_BUNDLE_IDENTIFIER = com.omerapaydin.CryptoRxSwiftTests;
				PRODUCT_NAME = "$(TARGET_NAME)";
				SWIFT_EMIT_LOC_STRINGS = NO;
				SWIFT_VERSION = 5.0;
				TARGETED_DEVICE_FAMILY = "1,2";
				TEST_HOST = "$(BUILT_PRODUCTS_DIR)/CryptoRxSwift.app/$(BUNDLE_EXECUTABLE_FOLDER_PATH)/CryptoRxSwift";
			};
			name = Debug;
		};
		FF93F6002E89B509002D4E80 /* Release */ = {
			isa = XCBuildConfiguration;
			buildSettings = {
				BUNDLE_LOADER = "$(TEST_HOST)";
				CODE_SIGN_STYLE = Automatic;
				CURRENT_PROJECT_VERSION = 1;
				DEVELOPMENT_TEAM = T985K3P4V7;
				GENERATE_INFOPLIST_FILE = YES;
				IPHONEOS_DEPLOYMENT_TARGET = 18.5;
				MARKETING_VERSION = 1.0;
				PRODUCT_BUNDLE_IDENTIFIER = com.omerapaydin.CryptoRxSwiftTests;
				PRODUCT_NAME = "$(TARGET_NAME)";
				SWIFT_EMIT_LOC_STRINGS = NO;
				SWIFT_VERSION = 5.0;
				TARGETED_DEVICE_FAMILY = "1,2";
				TEST_HOST = "$(BUILT_PRODUCTS_DIR)/CryptoRxSwift.app/$(BUNDLE_EXECUTABLE_FOLDER_PATH)/CryptoRxSwift";
			};
			name = Release;
		};
		FF93F6022E89B509002D4E80 /* Debug */ = {
			isa = XCBuildConfiguration;
			buildSettings = {
				CODE_SIGN_STYLE = Automatic;
				CURRENT_PROJECT_VERSION = 1;
				DEVELOPMENT_TEAM = T985K3P4V7;
				GENERATE_INFOPLIST_FILE = YES;
				MARKETING_VERSION = 1.0;
				PRODUCT_BUNDLE_IDENTIFIER = com.omerapaydin.CryptoRxSwiftUITests;
				PRODUCT_NAME = "$(TARGET_NAME)";
				SWIFT_EMIT_LOC_STRINGS = NO;
				SWIFT_VERSION = 5.0;
				TARGETED_DEVICE_FAMILY = "1,2";
				TEST_TARGET_NAME = CryptoRxSwift;
			};
			name = Debug;
		};
		FF93F6032E89B509002D4E80 /* Release */ = {
			isa = XCBuildConfiguration;
			buildSettings = {
				CODE_SIGN_STYLE = Automatic;
				CURRENT_PROJECT_VERSION = 1;
				DEVELOPMENT_TEAM = T985K3P4V7;
				GENERATE_INFOPLIST_FILE = YES;
				MARKETING_VERSION = 1.0;
				PRODUCT_BUNDLE_IDENTIFIER = com.omerapaydin.CryptoRxSwiftUITests;
				PRODUCT_NAME = "$(TARGET_NAME)";
				SWIFT_EMIT_LOC_STRINGS = NO;
				SWIFT_VERSION = 5.0;
				TARGETED_DEVICE_FAMILY = "1,2";
				TEST_TARGET_NAME = CryptoRxSwift;
			};
			name = Release;
		};
/* End XCBuildConfiguration section */

/* Begin XCConfigurationList section */
		FF93F5CB2E89B508002D4E80 /* Build configuration list for PBXProject "CryptoRxSwift" */ = {
			isa = XCConfigurationList;
			buildConfigurations = (
				FF93F5FC2E89B509002D4E80 /* Debug */,
				FF93F5FD2E89B509002D4E80 /* Release */,
			);
			defaultConfigurationIsVisible = 0;
			defaultConfigurationName = Release;
		};
		FF93F5F92E89B509002D4E80 /* Build configuration list for PBXNativeTarget "CryptoRxSwift" */ = {
			isa = XCConfigurationList;
			buildConfigurations = (
				FF93F5FA2E89B509002D4E80 /* Debug */,
				FF93F5FB2E89B509002D4E80 /* Release */,
			);
			defaultConfigurationIsVisible = 0;
			defaultConfigurationName = Release;
		};
		FF93F5FE2E89B509002D4E80 /* Build configuration list for PBXNativeTarget "CryptoRxSwiftTests" */ = {
			isa = XCConfigurationList;
			buildConfigurations = (
				FF93F5FF2E89B509002D4E80 /* Debug */,
				FF93F6002E89B509002D4E80 /* Release */,
			);
			defaultConfigurationIsVisible = 0;
			defaultConfigurationName = Release;
		};
		FF93F6012E89B509002D4E80 /* Build configuration list for PBXNativeTarget "CryptoRxSwiftUITests" */ = {
			isa = XCConfigurationList;
			buildConfigurations = (
				FF93F6022E89B509002D4E80 /* Debug */,
				FF93F6032E89B509002D4E80 /* Release */,
			);
			defaultConfigurationIsVisible = 0;
			defaultConfigurationName = Release;
		};
/* End XCConfigurationList section */

/* Begin XCRemoteSwiftPackageReference section */
		FFF001D22E8F2B0D009C32AA /* XCRemoteSwiftPackageReference "RxSwift" */ = {
			isa = XCRemoteSwiftPackageReference;
			repositoryURL = "https://github.com/ReactiveX/RxSwift.git";
			requirement = {
				kind = upToNextMajorVersion;
				minimumVersion = 6.9.0;
			};
		};
/* End XCRemoteSwiftPackageReference section */
	};
	rootObject = FF93F5C82E89B508002D4E80 /* Project object */;
}
